
Microsoft Visual Studio Solution File, Format Version 12.00
# Visual Studio 15
VisualStudioVersion = 15.0.27703.2018
MinimumVisualStudioVersion = 10.0.40219.1
Project("{9A19103F-16F7-4668-BE54-9A1E7A4F7556}") = "DockerComposeFixture", "DockerComposeFixture\DockerComposeFixture.csproj", "{769DEDAA-1D88-4598-AB1F-9F5741A3AE9C}"
EndProject
Project("{FAE04EC0-301F-11D3-BF4B-00C04F79EFBC}") = "DockerComposeFixture.Tests", "DockerComposeFixture.Tests\DockerComposeFixture.Tests.csproj", "{B560443D-41BE-4F8E-9BB2-76A14EF0776F}"
EndProject
Global
	GlobalSection(SolutionConfigurationPlatforms) = preSolution
		Debug|Any CPU = Debug|Any CPU
		Release|Any CPU = Release|Any CPU
	EndGlobalSection
	GlobalSection(ProjectConfigurationPlatforms) = postSolution
		{769DEDAA-1D88-4598-AB1F-9F5741A3AE9C}.Debug|Any CPU.ActiveCfg = Debug|Any CPU
		{769DEDAA-1D88-4598-AB1F-9F5741A3AE9C}.Debug|Any CPU.Build.0 = Debug|Any CPU
		{769DEDAA-1D88-4598-AB1F-9F5741A3AE9C}.Release|Any CPU.ActiveCfg = Release|Any CPU
		{769DEDAA-1D88-4598-AB1F-9F5741A3AE9C}.Release|Any CPU.Build.0 = Release|Any CPU
		{B560443D-41BE-4F8E-9BB2-76A14EF0776F}.Debug|Any CPU.ActiveCfg = Debug|Any CPU
		{B560443D-41BE-4F8E-9BB2-76A14EF0776F}.Debug|Any CPU.Build.0 = Debug|Any CPU
		{B560443D-41BE-4F8E-9BB2-76A14EF0776F}.Release|Any CPU.ActiveCfg = Release|Any CPU
		{B560443D-41BE-4F8E-9BB2-76A14EF0776F}.Release|Any CPU.Build.0 = Release|Any CPU
	EndGlobalSection
	GlobalSection(SolutionProperties) = preSolution
		HideSolutionNode = FALSE
	EndGlobalSection
	GlobalSection(ExtensibilityGlobals) = postSolution
		SolutionGuid = {36FDC98E-5628-4402-A7B4-0A9024E803D0}
	EndGlobalSection
EndGlobal
