
Microsoft Visual Studio Solution File, Format Version 12.00
# Visual Studio Version 16
VisualStudioVersion = 16.0.31005.135
MinimumVisualStudioVersion = 10.0.40219.1
Project("{9A19103F-16F7-4668-BE54-9A1E7A4F7556}") = "DockerComposeFixture", "DockerComposeFixture\DockerComposeFixture.csproj", "{1268D2BA-2DB1-49CC-9C69-B9FE6C3FD959}"
EndProject
Project("{9A19103F-16F7-4668-BE54-9A1E7A4F7556}") = "DockerComposeFixture.Tests", "DockerComposeFixture.Tests\DockerComposeFixture.Tests.csproj", "{6FA8890B-5437-4135-B796-7A818CA5DBB6}"
EndProject
Project("{2150E333-8FDC-42A3-9474-1A3956D46DE8}") = "build", "build", "{2CE05DD1-0760-44A3-AAD3-7A8D133B5244}"
	ProjectSection(SolutionItems) = preProject
		.github\workflows\dotnet.yml = .github\workflows\dotnet.yml
	EndProjectSection
EndProject
Global
	GlobalSection(SolutionConfigurationPlatforms) = preSolution
		Debug|Any CPU = Debug|Any CPU
		Release|Any CPU = Release|Any CPU
	EndGlobalSection
	GlobalSection(ProjectConfigurationPlatforms) = postSolution
		{1268D2BA-2DB1-49CC-9C69-B9FE6C3FD959}.Debug|Any CPU.ActiveCfg = Debug|Any CPU
		{1268D2BA-2DB1-49CC-9C69-B9FE6C3FD959}.Debug|Any CPU.Build.0 = Debug|Any CPU
		{1268D2BA-2DB1-49CC-9C69-B9FE6C3FD959}.Release|Any CPU.ActiveCfg = Release|Any CPU
		{1268D2BA-2DB1-49CC-9C69-B9FE6C3FD959}.Release|Any CPU.Build.0 = Release|Any CPU
		{6FA8890B-5437-4135-B796-7A818CA5DBB6}.Debug|Any CPU.ActiveCfg = Debug|Any CPU
		{6FA8890B-5437-4135-B796-7A818CA5DBB6}.Debug|Any CPU.Build.0 = Debug|Any CPU
		{6FA8890B-5437-4135-B796-7A818CA5DBB6}.Release|Any CPU.ActiveCfg = Release|Any CPU
		{6FA8890B-5437-4135-B796-7A818CA5DBB6}.Release|Any CPU.Build.0 = Release|Any CPU
	EndGlobalSection
	GlobalSection(SolutionProperties) = preSolution
		HideSolutionNode = FALSE
	EndGlobalSection
	GlobalSection(ExtensibilityGlobals) = postSolution
		SolutionGuid = {13159AB4-72ED-459D-A093-8CE98F011362}
	EndGlobalSection
EndGlobal
